// !$*UTF8*$!
{
	archiveVersion = 1;
	classes = {
	};
	objectVersion = 56;
	objects = {

/* Begin PBXBuildFile section */
		5D32B2A429C7F7B9001F8A6A /* ProlificC5App.swift in Sources */ = {isa = PBXBuildFile; fileRef = 5D32B2A329C7F7B9001F8A6A /* ProlificC5App.swift */; };
		5D32B2A629C7F7B9001F8A6A /* ContentView.swift in Sources */ = {isa = PBXBuildFile; fileRef = 5D32B2A529C7F7B9001F8A6A /* ContentView.swift */; };
		5D32B2A829C7F7B9001F8A6A /* Assets.xcassets in Resources */ = {isa = PBXBuildFile; fileRef = 5D32B2A729C7F7B9001F8A6A /* Assets.xcassets */; };
		5D32B2AB29C7F7B9001F8A6A /* Preview Assets.xcassets in Resources */ = {isa = PBXBuildFile; fileRef = 5D32B2AA29C7F7B9001F8A6A /* Preview Assets.xcassets */; };
		5D32B2B529C7F871001F8A6A /* ProlificTaksCardModel.swift in Sources */ = {isa = PBXBuildFile; fileRef = 5D32B2B429C7F871001F8A6A /* ProlificTaksCardModel.swift */; };
		5D32B2B729C7F9F5001F8A6A /* TaskCardView.swift in Sources */ = {isa = PBXBuildFile; fileRef = 5D32B2B629C7F9F5001F8A6A /* TaskCardView.swift */; };
		5D32B2B929C80413001F8A6A /* NewTaskView.swift in Sources */ = {isa = PBXBuildFile; fileRef = 5D32B2B829C80413001F8A6A /* NewTaskView.swift */; };
		5D32B2BC29C81342001F8A6A /* ViewController.swift in Sources */ = {isa = PBXBuildFile; fileRef = 5D32B2BB29C81342001F8A6A /* ViewController.swift */; };
/* End PBXBuildFile section */

/* Begin PBXFileReference section */
		5D32B2A029C7F7B9001F8A6A /* ProlificC5.app */ = {isa = PBXFileReference; explicitFileType = wrapper.application; includeInIndex = 0; path = ProlificC5.app; sourceTree = BUILT_PRODUCTS_DIR; };
		5D32B2A329C7F7B9001F8A6A /* ProlificC5App.swift */ = {isa = PBXFileReference; lastKnownFileType = sourcecode.swift; path = ProlificC5App.swift; sourceTree = "<group>"; };
		5D32B2A529C7F7B9001F8A6A /* ContentView.swift */ = {isa = PBXFileReference; lastKnownFileType = sourcecode.swift; path = ContentView.swift; sourceTree = "<group>"; };
		5D32B2A729C7F7B9001F8A6A /* Assets.xcassets */ = {isa = PBXFileReference; lastKnownFileType = folder.assetcatalog; path = Assets.xcassets; sourceTree = "<group>"; };
		5D32B2AA29C7F7B9001F8A6A /* Preview Assets.xcassets */ = {isa = PBXFileReference; lastKnownFileType = folder.assetcatalog; path = "Preview Assets.xcassets"; sourceTree = "<group>"; };
		5D32B2B429C7F871001F8A6A /* ProlificTaksCardModel.swift */ = {isa = PBXFileReference; lastKnownFileType = sourcecode.swift; path = ProlificTaksCardModel.swift; sourceTree = "<group>"; };
		5D32B2B629C7F9F5001F8A6A /* TaskCardView.swift */ = {isa = PBXFileReference; lastKnownFileType = sourcecode.swift; path = TaskCardView.swift; sourceTree = "<group>"; };
		5D32B2B829C80413001F8A6A /* NewTaskView.swift */ = {isa = PBXFileReference; lastKnownFileType = sourcecode.swift; path = NewTaskView.swift; sourceTree = "<group>"; };
		5D32B2BA29C81254001F8A6A /* Info.plist */ = {isa = PBXFileReference; lastKnownFileType = text.plist; path = Info.plist; sourceTree = "<group>"; };
		5D32B2BB29C81342001F8A6A /* ViewController.swift */ = {isa = PBXFileReference; lastKnownFileType = sourcecode.swift; path = ViewController.swift; sourceTree = "<group>"; };
/* End PBXFileReference section */

/* Begin PBXFrameworksBuildPhase section */
		5D32B29D29C7F7B9001F8A6A /* Frameworks */ = {
			isa = PBXFrameworksBuildPhase;
			buildActionMask = 2147483647;
			files = (
			);
			runOnlyForDeploymentPostprocessing = 0;
		};
/* End PBXFrameworksBuildPhase section */

/* Begin PBXGroup section */
		5D32B29729C7F7B9001F8A6A = {
			isa = PBXGroup;
			children = (
				5D32B2A229C7F7B9001F8A6A /* ProlificC5 */,
				5D32B2A129C7F7B9001F8A6A /* Products */,
			);
			sourceTree = "<group>";
		};
		5D32B2A129C7F7B9001F8A6A /* Products */ = {
			isa = PBXGroup;
			children = (
				5D32B2A029C7F7B9001F8A6A /* ProlificC5.app */,
			);
			name = Products;
			sourceTree = "<group>";
		};
		5D32B2A229C7F7B9001F8A6A /* ProlificC5 */ = {
			isa = PBXGroup;
			children = (
				5D32B2BB29C81342001F8A6A /* ViewController.swift */,
				5D32B2A329C7F7B9001F8A6A /* ProlificC5App.swift */,
				5D32B30329CC811A001F8A6A /* Components */,
				5D32B2B129C7F802001F8A6A /* ProlificViews */,
				5D32B2B329C7F820001F8A6A /* ProlificModles */,
				5D32B30A29CD4366001F8A6A /* ProlificModelView */,
				5D32B2BA29C81254001F8A6A /* Info.plist */,
				5D32B2A729C7F7B9001F8A6A /* Assets.xcassets */,
				5D32B2A929C7F7B9001F8A6A /* Preview Content */,
			);
			path = ProlificC5;
			sourceTree = "<group>";
		};
		5D32B2A929C7F7B9001F8A6A /* Preview Content */ = {
			isa = PBXGroup;
			children = (
				5D32B2AA29C7F7B9001F8A6A /* Preview Assets.xcassets */,
			);
			path = "Preview Content";
			sourceTree = "<group>";
		};
		5D32B2B129C7F802001F8A6A /* ProlificViews */ = {
			isa = PBXGroup;
			children = (
				5D32B2A529C7F7B9001F8A6A /* ContentView.swift */,
				5D32B2B829C80413001F8A6A /* NewTaskView.swift */,
			);
			path = ProlificViews;
			sourceTree = "<group>";
		};
		5D32B2B329C7F820001F8A6A /* ProlificModles */ = {
			isa = PBXGroup;
			children = (
				5D32B2B429C7F871001F8A6A /* ProlificTaksCardModel.swift */,
			);
			path = ProlificModles;
			sourceTree = "<group>";
		};
		5D32B30329CC811A001F8A6A /* Components */ = {
			isa = PBXGroup;
			children = (
				5D32B2B629C7F9F5001F8A6A /* TaskCardView.swift */,
			);
			path = Components;
			sourceTree = "<group>";
		};
		5D32B30A29CD4366001F8A6A /* ProlificModelView */ = {
			isa = PBXGroup;
			children = (
			);
			path = ProlificModelView;
			sourceTree = "<group>";
		};
/* End PBXGroup section */

/* Begin PBXNativeTarget section */
		5D32B29F29C7F7B9001F8A6A /* ProlificC5 */ = {
			isa = PBXNativeTarget;
			buildConfigurationList = 5D32B2AE29C7F7B9001F8A6A /* Build configuration list for PBXNativeTarget "ProlificC5" */;
			buildPhases = (
				5D32B29C29C7F7B9001F8A6A /* Sources */,
				5D32B29D29C7F7B9001F8A6A /* Frameworks */,
				5D32B29E29C7F7B9001F8A6A /* Resources */,
			);
			buildRules = (
			);
			dependencies = (
			);
			name = ProlificC5;
			productName = ProlificC5;
			productReference = 5D32B2A029C7F7B9001F8A6A /* ProlificC5.app */;
			productType = "com.apple.product-type.application";
		};
/* End PBXNativeTarget section */

/* Begin PBXProject section */
		5D32B29829C7F7B9001F8A6A /* Project object */ = {
			isa = PBXProject;
			attributes = {
				BuildIndependentTargetsInParallel = 1;
				LastSwiftUpdateCheck = 1420;
				LastUpgradeCheck = 1420;
				TargetAttributes = {
					5D32B29F29C7F7B9001F8A6A = {
						CreatedOnToolsVersion = 14.2;
					};
				};
			};
			buildConfigurationList = 5D32B29B29C7F7B9001F8A6A /* Build configuration list for PBXProject "ProlificC5" */;
			compatibilityVersion = "Xcode 14.0";
			developmentRegion = en;
			hasScannedForEncodings = 0;
			knownRegions = (
				en,
				Base,
			);
			mainGroup = 5D32B29729C7F7B9001F8A6A;
			productRefGroup = 5D32B2A129C7F7B9001F8A6A /* Products */;
			projectDirPath = "";
			projectRoot = "";
			targets = (
				5D32B29F29C7F7B9001F8A6A /* ProlificC5 */,
			);
		};
/* End PBXProject section */

/* Begin PBXResourcesBuildPhase section */
		5D32B29E29C7F7B9001F8A6A /* Resources */ = {
			isa = PBXResourcesBuildPhase;
			buildActionMask = 2147483647;
			files = (
				5D32B2AB29C7F7B9001F8A6A /* Preview Assets.xcassets in Resources */,
				5D32B2A829C7F7B9001F8A6A /* Assets.xcassets in Resources */,
			);
			runOnlyForDeploymentPostprocessing = 0;
		};
/* End PBXResourcesBuildPhase section */

/* Begin PBXSourcesBuildPhase section */
		5D32B29C29C7F7B9001F8A6A /* Sources */ = {
			isa = PBXSourcesBuildPhase;
			buildActionMask = 2147483647;
			files = (
				5D32B2BC29C81342001F8A6A /* ViewController.swift in Sources */,
				5D32B2B529C7F871001F8A6A /* ProlificTaksCardModel.swift in Sources */,
				5D32B2B929C80413001F8A6A /* NewTaskView.swift in Sources */,
				5D32B2B729C7F9F5001F8A6A /* TaskCardView.swift in Sources */,
				5D32B2A629C7F7B9001F8A6A /* ContentView.swift in Sources */,
				5D32B2A429C7F7B9001F8A6A /* ProlificC5App.swift in Sources */,
			);
			runOnlyForDeploymentPostprocessing = 0;
		};
/* End PBXSourcesBuildPhase section */

/* Begin XCBuildConfiguration section */
		5D32B2AC29C7F7B9001F8A6A /* Debug */ = {
			isa = XCBuildConfiguration;
			buildSettings = {
				ALWAYS_SEARCH_USER_PATHS = NO;
				CLANG_ANALYZER_NONNULL = YES;
				CLANG_ANALYZER_NUMBER_OBJECT_CONVERSION = YES_AGGRESSIVE;
				CLANG_CXX_LANGUAGE_STANDARD = "gnu++20";
				CLANG_ENABLE_MODULES = YES;
				CLANG_ENABLE_OBJC_ARC = YES;
				CLANG_ENABLE_OBJC_WEAK = YES;
				CLANG_WARN_BLOCK_CAPTURE_AUTORELEASING = YES;
				CLANG_WARN_BOOL_CONVERSION = YES;
				CLANG_WARN_COMMA = YES;
				CLANG_WARN_CONSTANT_CONVERSION = YES;
				CLANG_WARN_DEPRECATED_OBJC_IMPLEMENTATIONS = YES;
				CLANG_WARN_DIRECT_OBJC_ISA_USAGE = YES_ERROR;
				CLANG_WARN_DOCUMENTATION_COMMENTS = YES;
				CLANG_WARN_EMPTY_BODY = YES;
				CLANG_WARN_ENUM_CONVERSION = YES;
				CLANG_WARN_INFINITE_RECURSION = YES;
				CLANG_WARN_INT_CONVERSION = YES;
				CLANG_WARN_NON_LITERAL_NULL_CONVERSION = YES;
				CLANG_WARN_OBJC_IMPLICIT_RETAIN_SELF = YES;
				CLANG_WARN_OBJC_LITERAL_CONVERSION = YES;
				CLANG_WARN_OBJC_ROOT_CLASS = YES_ERROR;
				CLANG_WARN_QUOTED_INCLUDE_IN_FRAMEWORK_HEADER = YES;
				CLANG_WARN_RANGE_LOOP_ANALYSIS = YES;
				CLANG_WARN_STRICT_PROTOTYPES = YES;
				CLANG_WARN_SUSPICIOUS_MOVE = YES;
				CLANG_WARN_UNGUARDED_AVAILABILITY = YES_AGGRESSIVE;
				CLANG_WARN_UNREACHABLE_CODE = YES;
				CLANG_WARN__DUPLICATE_METHOD_MATCH = YES;
				COPY_PHASE_STRIP = NO;
				DEBUG_INFORMATION_FORMAT = dwarf;
				ENABLE_STRICT_OBJC_MSGSEND = YES;
				ENABLE_TESTABILITY = YES;
				GCC_C_LANGUAGE_STANDARD = gnu11;
				GCC_DYNAMIC_NO_PIC = NO;
				GCC_NO_COMMON_BLOCKS = YES;
				GCC_OPTIMIZATION_LEVEL = 0;
				GCC_PREPROCESSOR_DEFINITIONS = (
					"DEBUG=1",
					"$(inherited)",
				);
				GCC_WARN_64_TO_32_BIT_CONVERSION = YES;
				GCC_WARN_ABOUT_RETURN_TYPE = YES_ERROR;
				GCC_WARN_UNDECLARED_SELECTOR = YES;
				GCC_WARN_UNINITIALIZED_AUTOS = YES_AGGRESSIVE;
				GCC_WARN_UNUSED_FUNCTION = YES;
				GCC_WARN_UNUSED_VARIABLE = YES;
				IPHONEOS_DEPLOYMENT_TARGET = 16.2;
				MTL_ENABLE_DEBUG_INFO = INCLUDE_SOURCE;
				MTL_FAST_MATH = YES;
				ONLY_ACTIVE_ARCH = YES;
				SDKROOT = iphoneos;
				SWIFT_ACTIVE_COMPILATION_CONDITIONS = DEBUG;
				SWIFT_OPTIMIZATION_LEVEL = "-Onone";
			};
			name = Debug;
		};
		5D32B2AD29C7F7B9001F8A6A /* Release */ = {
			isa = XCBuildConfiguration;
			buildSettings = {
				ALWAYS_SEARCH_USER_PATHS = NO;
				CLANG_ANALYZER_NONNULL = YES;
				CLANG_ANALYZER_NUMBER_OBJECT_CONVERSION = YES_AGGRESSIVE;
				CLANG_CXX_LANGUAGE_STANDARD = "gnu++20";
				CLANG_ENABLE_MODULES = YES;
				CLANG_ENABLE_OBJC_ARC = YES;
				CLANG_ENABLE_OBJC_WEAK = YES;
				CLANG_WARN_BLOCK_CAPTURE_AUTORELEASING = YES;
				CLANG_WARN_BOOL_CONVERSION = YES;
				CLANG_WARN_COMMA = YES;
				CLANG_WARN_CONSTANT_CONVERSION = YES;
				CLANG_WARN_DEPRECATED_OBJC_IMPLEMENTATIONS = YES;
				CLANG_WARN_DIRECT_OBJC_ISA_USAGE = YES_ERROR;
				CLANG_WARN_DOCUMENTATION_COMMENTS = YES;
				CLANG_WARN_EMPTY_BODY = YES;
				CLANG_WARN_ENUM_CONVERSION = YES;
				CLANG_WARN_INFINITE_RECURSION = YES;
				CLANG_WARN_INT_CONVERSION = YES;
				CLANG_WARN_NON_LITERAL_NULL_CONVERSION = YES;
				CLANG_WARN_OBJC_IMPLICIT_RETAIN_SELF = YES;
				CLANG_WARN_OBJC_LITERAL_CONVERSION = YES;
				CLANG_WARN_OBJC_ROOT_CLASS = YES_ERROR;
				CLANG_WARN_QUOTED_INCLUDE_IN_FRAMEWORK_HEADER = YES;
				CLANG_WARN_RANGE_LOOP_ANALYSIS = YES;
				CLANG_WARN_STRICT_PROTOTYPES = YES;
				CLANG_WARN_SUSPICIOUS_MOVE = YES;
				CLANG_WARN_UNGUARDED_AVAILABILITY = YES_AGGRESSIVE;
				CLANG_WARN_UNREACHABLE_CODE = YES;
				CLANG_WARN__DUPLICATE_METHOD_MATCH = YES;
				COPY_PHASE_STRIP = NO;
				DEBUG_INFORMATION_FORMAT = "dwarf-with-dsym";
				ENABLE_NS_ASSERTIONS = NO;
				ENABLE_STRICT_OBJC_MSGSEND = YES;
				GCC_C_LANGUAGE_STANDARD = gnu11;
				GCC_NO_COMMON_BLOCKS = YES;
				GCC_WARN_64_TO_32_BIT_CONVERSION = YES;
				GCC_WARN_ABOUT_RETURN_TYPE = YES_ERROR;
				GCC_WARN_UNDECLARED_SELECTOR = YES;
				GCC_WARN_UNINITIALIZED_AUTOS = YES_AGGRESSIVE;
				GCC_WARN_UNUSED_FUNCTION = YES;
				GCC_WARN_UNUSED_VARIABLE = YES;
				IPHONEOS_DEPLOYMENT_TARGET = 16.2;
				MTL_ENABLE_DEBUG_INFO = NO;
				MTL_FAST_MATH = YES;
				SDKROOT = iphoneos;
				SWIFT_COMPILATION_MODE = wholemodule;
				SWIFT_OPTIMIZATION_LEVEL = "-O";
				VALIDATE_PRODUCT = YES;
			};
			name = Release;
		};
		5D32B2AF29C7F7B9001F8A6A /* Debug */ = {
			isa = XCBuildConfiguration;
			buildSettings = {
				ASSETCATALOG_COMPILER_APPICON_NAME = AppIcon;
				ASSETCATALOG_COMPILER_GLOBAL_ACCENT_COLOR_NAME = AccentColor;
				CODE_SIGN_STYLE = Automatic;
				CURRENT_PROJECT_VERSION = 1;
				DEVELOPMENT_ASSET_PATHS = "\"ProlificC5/Preview Content\"";
				DEVELOPMENT_TEAM = UUFQ8XM5Q7;
				ENABLE_PREVIEWS = YES;
				GENERATE_INFOPLIST_FILE = YES;
				INFOPLIST_FILE = ProlificC5/Info.plist;
				INFOPLIST_KEY_UIApplicationSceneManifest_Generation = YES;
				INFOPLIST_KEY_UIApplicationSupportsIndirectInputEvents = YES;
				INFOPLIST_KEY_UILaunchScreen_Generation = YES;
				INFOPLIST_KEY_UISupportedInterfaceOrientations_iPad = "UIInterfaceOrientationPortrait UIInterfaceOrientationPortraitUpsideDown UIInterfaceOrientationLandscapeLeft UIInterfaceOrientationLandscapeRight";
				INFOPLIST_KEY_UISupportedInterfaceOrientations_iPhone = "UIInterfaceOrientationPortrait UIInterfaceOrientationLandscapeLeft UIInterfaceOrientationLandscapeRight";
				LD_RUNPATH_SEARCH_PATHS = (
					"$(inherited)",
					"@executable_path/Frameworks",
				);
				MARKETING_VERSION = 1.0;
				PRODUCT_BUNDLE_IDENTIFIER = me.omar.davidson.ProlificC5;
				PRODUCT_NAME = "$(TARGET_NAME)";
				SWIFT_EMIT_LOC_STRINGS = YES;
				SWIFT_VERSION = 5.0;
				TARGETED_DEVICE_FAMILY = "1,2";
			};
			name = Debug;
		};
		5D32B2B029C7F7B9001F8A6A /* Release */ = {
			isa = XCBuildConfiguration;
			buildSettings = {
				ASSETCATALOG_COMPILER_APPICON_NAME = AppIcon;
				ASSETCATALOG_COMPILER_GLOBAL_ACCENT_COLOR_NAME = AccentColor;
				CODE_SIGN_STYLE = Automatic;
				CURRENT_PROJECT_VERSION = 1;
				DEVELOPMENT_ASSET_PATHS = "\"ProlificC5/Preview Content\"";
				DEVELOPMENT_TEAM = UUFQ8XM5Q7;
				ENABLE_PREVIEWS = YES;
				GENERATE_INFOPLIST_FILE = YES;
				INFOPLIST_FILE = ProlificC5/Info.plist;
				INFOPLIST_KEY_UIApplicationSceneManifest_Generation = YES;
				INFOPLIST_KEY_UIApplicationSupportsIndirectInputEvents = YES;
				INFOPLIST_KEY_UILaunchScreen_Generation = YES;
				INFOPLIST_KEY_UISupportedInterfaceOrientations_iPad = "UIInterfaceOrientationPortrait UIInterfaceOrientationPortraitUpsideDown UIInterfaceOrientationLandscapeLeft UIInterfaceOrientationLandscapeRight";
				INFOPLIST_KEY_UISupportedInterfaceOrientations_iPhone = "UIInterfaceOrientationPortrait UIInterfaceOrientationLandscapeLeft UIInterfaceOrientationLandscapeRight";
				LD_RUNPATH_SEARCH_PATHS = (
					"$(inherited)",
					"@executable_path/Frameworks",
				);
				MARKETING_VERSION = 1.0;
				PRODUCT_BUNDLE_IDENTIFIER = me.omar.davidson.ProlificC5;
				PRODUCT_NAME = "$(TARGET_NAME)";
				SWIFT_EMIT_LOC_STRINGS = YES;
				SWIFT_VERSION = 5.0;
				TARGETED_DEVICE_FAMILY = "1,2";
			};
			name = Release;
		};
/* End XCBuildConfiguration section */

/* Begin XCConfigurationList section */
		5D32B29B29C7F7B9001F8A6A /* Build configuration list for PBXProject "ProlificC5" */ = {
			isa = XCConfigurationList;
			buildConfigurations = (
				5D32B2AC29C7F7B9001F8A6A /* Debug */,
				5D32B2AD29C7F7B9001F8A6A /* Release */,
			);
			defaultConfigurationIsVisible = 0;
			defaultConfigurationName = Release;
		};
		5D32B2AE29C7F7B9001F8A6A /* Build configuration list for PBXNativeTarget "ProlificC5" */ = {
			isa = XCConfigurationList;
			buildConfigurations = (
				5D32B2AF29C7F7B9001F8A6A /* Debug */,
				5D32B2B029C7F7B9001F8A6A /* Release */,
			);
			defaultConfigurationIsVisible = 0;
			defaultConfigurationName = Release;
		};
/* End XCConfigurationList section */
	};
	rootObject = 5D32B29829C7F7B9001F8A6A /* Project object */;
}
